
Microsoft Visual Studio Solution File, Format Version 12.00
# Visual Studio Version 17
VisualStudioVersion = 17.12.35527.113 d17.12
MinimumVisualStudioVersion = 10.0.40219.1
Project("{FAE04EC0-301F-11D3-BF4B-00C04F79EFBC}") = "ManipulateFiles", "ManipulateFiles.csproj", "{AD8D2EDD-016C-4161-AC2A-44E4DFA4E3DA}"
EndProject
Global
	GlobalSection(SolutionConfigurationPlatforms) = preSolution
		Debug|Any CPU = Debug|Any CPU
		Release|Any CPU = Release|Any CPU
	EndGlobalSection
	GlobalSection(ProjectConfigurationPlatforms) = postSolution
		{AD8D2EDD-016C-4161-AC2A-44E4DFA4E3DA}.Debug|Any CPU.ActiveCfg = Debug|Any CPU
		{AD8D2EDD-016C-4161-AC2A-44E4DFA4E3DA}.Debug|Any CPU.Build.0 = Debug|Any CPU
		{AD8D2EDD-016C-4161-AC2A-44E4DFA4E3DA}.Release|Any CPU.ActiveCfg = Release|Any CPU
		{AD8D2EDD-016C-4161-AC2A-44E4DFA4E3DA}.Release|Any CPU.Build.0 = Release|Any CPU
	EndGlobalSection
	GlobalSection(SolutionProperties) = preSolution
		HideSolutionNode = FALSE
	EndGlobalSection
EndGlobal
